
Microsoft Visual Studio Solution File, Format Version 12.00
# Visual Studio 15
VisualStudioVersion = 15.0.27703.2026
MinimumVisualStudioVersion = 10.0.40219.1
Project("{FAE04EC0-301F-11D3-BF4B-00C04F79EFBC}") = "WifiShare", "WifiShare\WifiShare.csproj", "{1E9A9EE3-743F-4E75-9E6A-5388725D4C90}"
EndProject
Project("{FAE04EC0-301F-11D3-BF4B-00C04F79EFBC}") = "WifiHotspot", "WifiHotspot\WifiHotspot.csproj", "{B92EAB9E-A600-4EC5-B541-F8129E76D38B}"
EndProject
Global
	GlobalSection(SolutionConfigurationPlatforms) = preSolution
		Debug|Any CPU = Debug|Any CPU
		Release|Any CPU = Release|Any CPU
	EndGlobalSection
	GlobalSection(ProjectConfigurationPlatforms) = postSolution
		{1E9A9EE3-743F-4E75-9E6A-5388725D4C90}.Debug|Any CPU.ActiveCfg = Debug|Any CPU
		{1E9A9EE3-743F-4E75-9E6A-5388725D4C90}.Debug|Any CPU.Build.0 = Debug|Any CPU
		{1E9A9EE3-743F-4E75-9E6A-5388725D4C90}.Release|Any CPU.ActiveCfg = Release|Any CPU
		{1E9A9EE3-743F-4E75-9E6A-5388725D4C90}.Release|Any CPU.Build.0 = Release|Any CPU
		{B92EAB9E-A600-4EC5-B541-F8129E76D38B}.Debug|Any CPU.ActiveCfg = Debug|Any CPU
		{B92EAB9E-A600-4EC5-B541-F8129E76D38B}.Debug|Any CPU.Build.0 = Debug|Any CPU
		{B92EAB9E-A600-4EC5-B541-F8129E76D38B}.Release|Any CPU.ActiveCfg = Release|Any CPU
		{B92EAB9E-A600-4EC5-B541-F8129E76D38B}.Release|Any CPU.Build.0 = Release|Any CPU
	EndGlobalSection
	GlobalSection(SolutionProperties) = preSolution
		HideSolutionNode = FALSE
	EndGlobalSection
	GlobalSection(ExtensibilityGlobals) = postSolution
		SolutionGuid = {AE701CCF-1026-4E6B-ADF7-0B25846434E8}
	EndGlobalSection
EndGlobal
